{
  "originHash" : "eed149749e32cc7e3d3b2332d44b4f590410e7d740412d13fcfc74554c4a9196",
  "pins" : [
    {
      "identity" : "demokit",
      "kind" : "remoteSourceControl",
      "location" : "https://github.com/schwa/DemoKit",
      "state" : {
        "revision" : "e3e8fb2166fc1e478bbd628b98593bf7029f5e54",
        "version" : "0.1.1"
      }
    },
    {
      "identity" : "swift-collections",
      "kind" : "remoteSourceControl",
      "location" : "https://github.com/apple/swift-collections.git",
      "state" : {
        "revision" : "8c0c0a8b49e080e54e5e328cc552821ff07cd341",
        "version" : "1.2.1"
      }
    },
    {
      "identity" : "swift-numerics",
      "kind" : "remoteSourceControl",
      "location" : "https://github.com/apple/swift-numerics.git",
      "state" : {
        "revision" : "e0ec0f5f3af6f3e4d5e7a19d2af26b481acb6ba8",
        "version" : "1.0.3"
      }
    }
  ],
  "version" : 3
}
